
Microsoft Visual Studio Solution File, Format Version 12.00
# Visual Studio Version 17
VisualStudioVersion = 17.3.32929.385
MinimumVisualStudioVersion = 10.0.40219.1
Project("{FAE04EC0-301F-11D3-BF4B-00C04F79EFBC}") = "LINGQ", "LINGQ\LINGQ.csproj", "{01A3D88F-07AA-4780-9C7E-D57BC738DF8B}"
EndProject
Global
	GlobalSection(SolutionConfigurationPlatforms) = preSolution
		Debug|Any CPU = Debug|Any CPU
		Release|Any CPU = Release|Any CPU
	EndGlobalSection
	GlobalSection(ProjectConfigurationPlatforms) = postSolution
		{01A3D88F-07AA-4780-9C7E-D57BC738DF8B}.Debug|Any CPU.ActiveCfg = Debug|Any CPU
		{01A3D88F-07AA-4780-9C7E-D57BC738DF8B}.Debug|Any CPU.Build.0 = Debug|Any CPU
		{01A3D88F-07AA-4780-9C7E-D57BC738DF8B}.Release|Any CPU.ActiveCfg = Release|Any CPU
		{01A3D88F-07AA-4780-9C7E-D57BC738DF8B}.Release|Any CPU.Build.0 = Release|Any CPU
	EndGlobalSection
	GlobalSection(SolutionProperties) = preSolution
		HideSolutionNode = FALSE
	EndGlobalSection
	GlobalSection(ExtensibilityGlobals) = postSolution
		SolutionGuid = {42538F1B-4E05-4ED2-B321-2144613AD980}
	EndGlobalSection
EndGlobal
